Microsoft Visual Studio Solution File, Format Version 12.00
# Visual Studio Version 17
VisualStudioVersion = 17.0.31611.283
MinimumVisualStudioVersion = 10.0.40219.1
Project("{9A19103F-16F7-4668-BE54-9A1E7A4F7556}") = "PSI_MobileApp", "PSI_MobileApp.csproj", "{A9471B33-8EF3-4ED3-8CA8-B81DB6379B08}"
EndProject
Project("{9A19103F-16F7-4668-BE54-9A1E7A4F7556}") = "ClassLibrary", "..\ClassLibrary1\ClassLibrary.csproj", "{02A23C5E-DDE3-47EA-9665-4531920B0543}"
EndProject
Project("{FAE04EC0-301F-11D3-BF4B-00C04F79EFBC}") = "PSI_MobileAppTests", "..\PSI_MobileAppTests\PSI_MobileAppTests.csproj", "{E59EF483-C0CA-40EA-9F35-1347EBAEEB12}"
EndProject
Global
	GlobalSection(SolutionConfigurationPlatforms) = preSolution
		Debug|Any CPU = Debug|Any CPU
		Release|Any CPU = Release|Any CPU
	EndGlobalSection
	GlobalSection(ProjectConfigurationPlatforms) = postSolution
		{A9471B33-8EF3-4ED3-8CA8-B81DB6379B08}.Debug|Any CPU.ActiveCfg = Debug|Any CPU
		{A9471B33-8EF3-4ED3-8CA8-B81DB6379B08}.Debug|Any CPU.Build.0 = Debug|Any CPU
		{A9471B33-8EF3-4ED3-8CA8-B81DB6379B08}.Debug|Any CPU.Deploy.0 = Debug|Any CPU
		{A9471B33-8EF3-4ED3-8CA8-B81DB6379B08}.Release|Any CPU.ActiveCfg = Release|Any CPU
		{A9471B33-8EF3-4ED3-8CA8-B81DB6379B08}.Release|Any CPU.Build.0 = Release|Any CPU
		{A9471B33-8EF3-4ED3-8CA8-B81DB6379B08}.Release|Any CPU.Deploy.0 = Release|Any CPU
		{02A23C5E-DDE3-47EA-9665-4531920B0543}.Debug|Any CPU.ActiveCfg = Debug|Any CPU
		{02A23C5E-DDE3-47EA-9665-4531920B0543}.Debug|Any CPU.Build.0 = Debug|Any CPU
		{02A23C5E-DDE3-47EA-9665-4531920B0543}.Release|Any CPU.ActiveCfg = Release|Any CPU
		{02A23C5E-DDE3-47EA-9665-4531920B0543}.Release|Any CPU.Build.0 = Release|Any CPU
		{E59EF483-C0CA-40EA-9F35-1347EBAEEB12}.Debug|Any CPU.ActiveCfg = Debug|Any CPU
		{E59EF483-C0CA-40EA-9F35-1347EBAEEB12}.Debug|Any CPU.Build.0 = Debug|Any CPU
		{E59EF483-C0CA-40EA-9F35-1347EBAEEB12}.Release|Any CPU.ActiveCfg = Release|Any CPU
		{E59EF483-C0CA-40EA-9F35-1347EBAEEB12}.Release|Any CPU.Build.0 = Release|Any CPU
	EndGlobalSection
	GlobalSection(SolutionProperties) = preSolution
		HideSolutionNode = FALSE
	EndGlobalSection
	GlobalSection(ExtensibilityGlobals) = postSolution
		SolutionGuid = {61F7FB11-1E47-470C-91E2-47F8143E1572}
	EndGlobalSection
EndGlobal
